
Microsoft Visual Studio Solution File, Format Version 12.00
# Visual Studio 14
VisualStudioVersion = 14.0.25123.0
MinimumVisualStudioVersion = 10.0.40219.1
Project("{FAE04EC0-301F-11D3-BF4B-00C04F79EFBC}") = "CostasGIS.Model", "CostasGIS.Model\CostasGIS.Model.csproj", "{D761642A-CE7D-49FB-9469-0374C1732085}"
EndProject
Project("{FAE04EC0-301F-11D3-BF4B-00C04F79EFBC}") = "CostasGIS.WebAPIService", "CostasGIS.WebAPIService\CostasGIS.WebAPIService.csproj", "{C633B3D9-FDB2-4741-B8B0-8B170F46668A}"
EndProject
Project("{FAE04EC0-301F-11D3-BF4B-00C04F79EFBC}") = "CostasGIS.WebAPIService.Tests", "CostasGIS.WebAPIService.Tests\CostasGIS.WebAPIService.Tests.csproj", "{A700F0C8-6442-47D5-804C-1013D8A2FB34}"
EndProject
Project("{FAE04EC0-301F-11D3-BF4B-00C04F79EFBC}") = "ObjectContainer", "ObjectContainer\ObjectContainer.csproj", "{677C46B8-57E4-4B76-8A9B-F4046105D8DC}"
EndProject
Project("{FAE04EC0-301F-11D3-BF4B-00C04F79EFBC}") = "GeometryExtensions", "GeometryExtensions\GeometryExtensions.csproj", "{56F406D2-EE77-4CED-9888-A23DB32FA3E5}"
EndProject
Project("{FAE04EC0-301F-11D3-BF4B-00C04F79EFBC}") = "Utils", "Utils\Utils.csproj", "{C164A7D5-0C00-4162-9251-721469249C59}"
EndProject
Global
	GlobalSection(SolutionConfigurationPlatforms) = preSolution
		Debug|Any CPU = Debug|Any CPU
		Release|Any CPU = Release|Any CPU
	EndGlobalSection
	GlobalSection(ProjectConfigurationPlatforms) = postSolution
		{D761642A-CE7D-49FB-9469-0374C1732085}.Debug|Any CPU.ActiveCfg = Debug|Any CPU
		{D761642A-CE7D-49FB-9469-0374C1732085}.Debug|Any CPU.Build.0 = Debug|Any CPU
		{D761642A-CE7D-49FB-9469-0374C1732085}.Release|Any CPU.ActiveCfg = Release|Any CPU
		{D761642A-CE7D-49FB-9469-0374C1732085}.Release|Any CPU.Build.0 = Release|Any CPU
		{C633B3D9-FDB2-4741-B8B0-8B170F46668A}.Debug|Any CPU.ActiveCfg = Debug|Any CPU
		{C633B3D9-FDB2-4741-B8B0-8B170F46668A}.Debug|Any CPU.Build.0 = Debug|Any CPU
		{C633B3D9-FDB2-4741-B8B0-8B170F46668A}.Release|Any CPU.ActiveCfg = Release|Any CPU
		{C633B3D9-FDB2-4741-B8B0-8B170F46668A}.Release|Any CPU.Build.0 = Release|Any CPU
		{A700F0C8-6442-47D5-804C-1013D8A2FB34}.Debug|Any CPU.ActiveCfg = Debug|Any CPU
		{A700F0C8-6442-47D5-804C-1013D8A2FB34}.Debug|Any CPU.Build.0 = Debug|Any CPU
		{A700F0C8-6442-47D5-804C-1013D8A2FB34}.Release|Any CPU.ActiveCfg = Release|Any CPU
		{A700F0C8-6442-47D5-804C-1013D8A2FB34}.Release|Any CPU.Build.0 = Release|Any CPU
		{677C46B8-57E4-4B76-8A9B-F4046105D8DC}.Debug|Any CPU.ActiveCfg = Debug|Any CPU
		{677C46B8-57E4-4B76-8A9B-F4046105D8DC}.Debug|Any CPU.Build.0 = Debug|Any CPU
		{677C46B8-57E4-4B76-8A9B-F4046105D8DC}.Release|Any CPU.ActiveCfg = Release|Any CPU
		{677C46B8-57E4-4B76-8A9B-F4046105D8DC}.Release|Any CPU.Build.0 = Release|Any CPU
		{56F406D2-EE77-4CED-9888-A23DB32FA3E5}.Debug|Any CPU.ActiveCfg = Debug|Any CPU
		{56F406D2-EE77-4CED-9888-A23DB32FA3E5}.Debug|Any CPU.Build.0 = Debug|Any CPU
		{56F406D2-EE77-4CED-9888-A23DB32FA3E5}.Release|Any CPU.ActiveCfg = Release|Any CPU
		{56F406D2-EE77-4CED-9888-A23DB32FA3E5}.Release|Any CPU.Build.0 = Release|Any CPU
		{C164A7D5-0C00-4162-9251-721469249C59}.Debug|Any CPU.ActiveCfg = Debug|Any CPU
		{C164A7D5-0C00-4162-9251-721469249C59}.Debug|Any CPU.Build.0 = Debug|Any CPU
		{C164A7D5-0C00-4162-9251-721469249C59}.Release|Any CPU.ActiveCfg = Release|Any CPU
		{C164A7D5-0C00-4162-9251-721469249C59}.Release|Any CPU.Build.0 = Release|Any CPU
	EndGlobalSection
	GlobalSection(SolutionProperties) = preSolution
		HideSolutionNode = FALSE
	EndGlobalSection
EndGlobal
